
Microsoft Visual Studio Solution File, Format Version 12.00
# Visual Studio Version 16
VisualStudioVersion = 16.0.29306.81
MinimumVisualStudioVersion = 10.0.40219.1
Project("{FAE04EC0-301F-11D3-BF4B-00C04F79EFBC}") = "Student_Management", "Student_Management.csproj", "{F74E2B14-BB00-4827-8DC6-1A44DB6AE75A}"
EndProject
Global
	GlobalSection(SolutionConfigurationPlatforms) = preSolution
		Debug|Any CPU = Debug|Any CPU
		Release|Any CPU = Release|Any CPU
	EndGlobalSection
	GlobalSection(ProjectConfigurationPlatforms) = postSolution
		{F74E2B14-BB00-4827-8DC6-1A44DB6AE75A}.Debug|Any CPU.ActiveCfg = Debug|Any CPU
		{F74E2B14-BB00-4827-8DC6-1A44DB6AE75A}.Debug|Any CPU.Build.0 = Debug|Any CPU
		{F74E2B14-BB00-4827-8DC6-1A44DB6AE75A}.Release|Any CPU.ActiveCfg = Release|Any CPU
		{F74E2B14-BB00-4827-8DC6-1A44DB6AE75A}.Release|Any CPU.Build.0 = Release|Any CPU
	EndGlobalSection
	GlobalSection(SolutionProperties) = preSolution
		HideSolutionNode = FALSE
	EndGlobalSection
	GlobalSection(ExtensibilityGlobals) = postSolution
		SolutionGuid = {3341B8C7-E26C-43EE-9B50-20DD7031DFF6}
	EndGlobalSection
EndGlobal
